<Solution>
  <Project Path="StudyTracker.API/StudyTracker.API.csproj" />
  <Project Path="StudyTracker.Application/StudyTracker.Application.csproj" />
  <Project Path="StudyTracker.Domain/StudyTracker.Domain.csproj" />
  <Project Path="StudyTracker.Infrastructure/StudyTracker.Infrastructure.csproj" />
</Solution>
